
Microsoft Visual Studio Solution File, Format Version 12.00
# Visual Studio 15
VisualStudioVersion = 15.0.28010.2046
MinimumVisualStudioVersion = 10.0.40219.1
Project("{FAE04EC0-301F-11D3-BF4B-00C04F79EFBC}") = "super mercato 500$", "super mercato 500$\super mercato 500$.csproj", "{5D28CB90-2474-437D-850A-19956D992739}"
EndProject
Global
	GlobalSection(SolutionConfigurationPlatforms) = preSolution
		Debug|Any CPU = Debug|Any CPU
		Release|Any CPU = Release|Any CPU
	EndGlobalSection
	GlobalSection(ProjectConfigurationPlatforms) = postSolution
		{5D28CB90-2474-437D-850A-19956D992739}.Debug|Any CPU.ActiveCfg = Debug|Any CPU
		{5D28CB90-2474-437D-850A-19956D992739}.Debug|Any CPU.Build.0 = Debug|Any CPU
		{5D28CB90-2474-437D-850A-19956D992739}.Release|Any CPU.ActiveCfg = Release|Any CPU
		{5D28CB90-2474-437D-850A-19956D992739}.Release|Any CPU.Build.0 = Release|Any CPU
	EndGlobalSection
	GlobalSection(SolutionProperties) = preSolution
		HideSolutionNode = FALSE
	EndGlobalSection
	GlobalSection(ExtensibilityGlobals) = postSolution
		SolutionGuid = {1AEE7B51-C93C-4B27-9797-C586E98B1EFC}
	EndGlobalSection
EndGlobal
